
Microsoft Visual Studio Solution File, Format Version 12.00
# Visual Studio Version 17
VisualStudioVersion = 17.14.36518.9 d17.14
MinimumVisualStudioVersion = 10.0.40219.1
Project("{FAE04EC0-301F-11D3-BF4B-00C04F79EFBC}") = "EPano2", "EPano2\EPano2.csproj", "{8DB91911-58D8-4D48-A41E-50710EFFA924}"
EndProject
Global
	GlobalSection(SolutionConfigurationPlatforms) = preSolution
		Debug|Any CPU = Debug|Any CPU
		Release|Any CPU = Release|Any CPU
	EndGlobalSection
	GlobalSection(ProjectConfigurationPlatforms) = postSolution
		{8DB91911-58D8-4D48-A41E-50710EFFA924}.Debug|Any CPU.ActiveCfg = Debug|Any CPU
		{8DB91911-58D8-4D48-A41E-50710EFFA924}.Debug|Any CPU.Build.0 = Debug|Any CPU
		{8DB91911-58D8-4D48-A41E-50710EFFA924}.Release|Any CPU.ActiveCfg = Release|Any CPU
		{8DB91911-58D8-4D48-A41E-50710EFFA924}.Release|Any CPU.Build.0 = Release|Any CPU
	EndGlobalSection
	GlobalSection(SolutionProperties) = preSolution
		HideSolutionNode = FALSE
	EndGlobalSection
	GlobalSection(ExtensibilityGlobals) = postSolution
		SolutionGuid = {51FD22F4-C679-4156-8315-D3EE4DAFF7B1}
	EndGlobalSection
EndGlobal
